
Microsoft Visual Studio Solution File, Format Version 12.00
# Visual Studio Version 17
VisualStudioVersion = 17.0.31903.59
MinimumVisualStudioVersion = 10.0.40219.1
Project("{FAE04EC0-301F-11D3-BF4B-00C04F79EFBC}") = "backend", "backend\backend.csproj", "{A569E594-1E56-4A07-8865-57D842BD2255}"
EndProject
Project("{FAE04EC0-301F-11D3-BF4B-00C04F79EFBC}") = "backend.Tests", "backend.Tests\backend.Tests.csproj", "{6AF9C082-221C-4C24-9A00-89DB07D5DA3B}"
EndProject
Global
	GlobalSection(SolutionConfigurationPlatforms) = preSolution
		Debug|Any CPU = Debug|Any CPU
		Release|Any CPU = Release|Any CPU
	EndGlobalSection
	GlobalSection(SolutionProperties) = preSolution
		HideSolutionNode = FALSE
	EndGlobalSection
	GlobalSection(ProjectConfigurationPlatforms) = postSolution
		{A569E594-1E56-4A07-8865-57D842BD2255}.Debug|Any CPU.ActiveCfg = Debug|Any CPU
		{A569E594-1E56-4A07-8865-57D842BD2255}.Debug|Any CPU.Build.0 = Debug|Any CPU
		{A569E594-1E56-4A07-8865-57D842BD2255}.Release|Any CPU.ActiveCfg = Release|Any CPU
		{A569E594-1E56-4A07-8865-57D842BD2255}.Release|Any CPU.Build.0 = Release|Any CPU
		{6AF9C082-221C-4C24-9A00-89DB07D5DA3B}.Debug|Any CPU.ActiveCfg = Debug|Any CPU
		{6AF9C082-221C-4C24-9A00-89DB07D5DA3B}.Debug|Any CPU.Build.0 = Debug|Any CPU
		{6AF9C082-221C-4C24-9A00-89DB07D5DA3B}.Release|Any CPU.ActiveCfg = Release|Any CPU
		{6AF9C082-221C-4C24-9A00-89DB07D5DA3B}.Release|Any CPU.Build.0 = Release|Any CPU
	EndGlobalSection
EndGlobal
